
Microsoft Visual Studio Solution File, Format Version 12.00
# Visual Studio Version 16
VisualStudioVersion = 16.0.29709.97
MinimumVisualStudioVersion = 10.0.40219.1
Project("{9A19103F-16F7-4668-BE54-9A1E7A4F7556}") = "PasswordManagerApp", "PasswordManagerApp\PasswordManagerApp.csproj", "{0E39E309-F4EB-41C0-A9AC-35A11ABCD0AE}"
EndProject
Project("{9A19103F-16F7-4668-BE54-9A1E7A4F7556}") = "PasswordManagerAppTests", "PasswordManagerAppTests\PasswordManagerAppTests.csproj", "{61D6ABBF-C970-4DF9-B63B-5673D88117E5}"
EndProject
Project("{FAE04EC0-301F-11D3-BF4B-00C04F79EFBC}") = "PasswordManagerUI.Android", "PasswordManagerUI\PasswordManagerUI.Android\PasswordManagerUI.Android.csproj", "{E40A7D93-1C2F-4021-963E-F5B3A8DBFC35}"
EndProject
Project("{FAE04EC0-301F-11D3-BF4B-00C04F79EFBC}") = "PasswordManagerUI.iOS", "PasswordManagerUI\PasswordManagerUI.iOS\PasswordManagerUI.iOS.csproj", "{32F763A1-3171-42B1-B5D0-215731EED81E}"
EndProject
Project("{9A19103F-16F7-4668-BE54-9A1E7A4F7556}") = "PasswordManagerUI", "PasswordManagerUI\PasswordManagerUI\PasswordManagerUI.csproj", "{2DCFD711-05EF-4456-BB16-2970E6907F1E}"
EndProject
Project("{9A19103F-16F7-4668-BE54-9A1E7A4F7556}") = "MVVMFramework", "MVVMFramework\MVVMFramework.csproj", "{73D6532F-DDA1-442D-9217-08747D717954}"
EndProject
Project("{9A19103F-16F7-4668-BE54-9A1E7A4F7556}") = "MVVMTests", "MVVMTests\MVVMTests.csproj", "{B7F57DAB-92A7-4149-BF9D-2AB8E8301D14}"
EndProject
Project("{9A19103F-16F7-4668-BE54-9A1E7A4F7556}") = "PasswordManagerUITests", "PasswordManagerUITests\PasswordManagerUITests.csproj", "{ECDF64D8-41CA-4E72-B8C7-049579F3E478}"
EndProject
Project("{9A19103F-16F7-4668-BE54-9A1E7A4F7556}") = "TestCommonLibrary", "TestCommonLibrary\TestCommonLibrary.csproj", "{45721A4A-8738-4788-A25A-DAEC7F3C2792}"
EndProject
Project("{FAE04EC0-301F-11D3-BF4B-00C04F79EFBC}") = "PasswordManagerUI.UWP", "PasswordManagerUI.UWP\PasswordManagerUI.UWP.csproj", "{3CEAEAC6-F3FC-47FF-8293-6B0C776723DA}"
EndProject
Global
	GlobalSection(SolutionConfigurationPlatforms) = preSolution
		Debug|Any CPU = Debug|Any CPU
		Debug|ARM = Debug|ARM
		Debug|ARM64 = Debug|ARM64
		Debug|iPhone = Debug|iPhone
		Debug|iPhoneSimulator = Debug|iPhoneSimulator
		Debug|x64 = Debug|x64
		Debug|x86 = Debug|x86
		Release|Any CPU = Release|Any CPU
		Release|ARM = Release|ARM
		Release|ARM64 = Release|ARM64
		Release|iPhone = Release|iPhone
		Release|iPhoneSimulator = Release|iPhoneSimulator
		Release|x64 = Release|x64
		Release|x86 = Release|x86
	EndGlobalSection
	GlobalSection(ProjectConfigurationPlatforms) = postSolution
		{0E39E309-F4EB-41C0-A9AC-35A11ABCD0AE}.Debug|Any CPU.ActiveCfg = Debug|Any CPU
		{0E39E309-F4EB-41C0-A9AC-35A11ABCD0AE}.Debug|Any CPU.Build.0 = Debug|Any CPU
		{0E39E309-F4EB-41C0-A9AC-35A11ABCD0AE}.Debug|ARM.ActiveCfg = Debug|Any CPU
		{0E39E309-F4EB-41C0-A9AC-35A11ABCD0AE}.Debug|ARM.Build.0 = Debug|Any CPU
		{0E39E309-F4EB-41C0-A9AC-35A11ABCD0AE}.Debug|ARM64.ActiveCfg = Debug|Any CPU
		{0E39E309-F4EB-41C0-A9AC-35A11ABCD0AE}.Debug|ARM64.Build.0 = Debug|Any CPU
		{0E39E309-F4EB-41C0-A9AC-35A11ABCD0AE}.Debug|iPhone.ActiveCfg = Debug|Any CPU
		{0E39E309-F4EB-41C0-A9AC-35A11ABCD0AE}.Debug|iPhone.Build.0 = Debug|Any CPU
		{0E39E309-F4EB-41C0-A9AC-35A11ABCD0AE}.Debug|iPhoneSimulator.ActiveCfg = Debug|Any CPU
		{0E39E309-F4EB-41C0-A9AC-35A11ABCD0AE}.Debug|iPhoneSimulator.Build.0 = Debug|Any CPU
		{0E39E309-F4EB-41C0-A9AC-35A11ABCD0AE}.Debug|x64.ActiveCfg = Debug|Any CPU
		{0E39E309-F4EB-41C0-A9AC-35A11ABCD0AE}.Debug|x64.Build.0 = Debug|Any CPU
		{0E39E309-F4EB-41C0-A9AC-35A11ABCD0AE}.Debug|x86.ActiveCfg = Debug|Any CPU
		{0E39E309-F4EB-41C0-A9AC-35A11ABCD0AE}.Debug|x86.Build.0 = Debug|Any CPU
		{0E39E309-F4EB-41C0-A9AC-35A11ABCD0AE}.Release|Any CPU.ActiveCfg = Release|Any CPU
		{0E39E309-F4EB-41C0-A9AC-35A11ABCD0AE}.Release|Any CPU.Build.0 = Release|Any CPU
		{0E39E309-F4EB-41C0-A9AC-35A11ABCD0AE}.Release|ARM.ActiveCfg = Release|Any CPU
		{0E39E309-F4EB-41C0-A9AC-35A11ABCD0AE}.Release|ARM.Build.0 = Release|Any CPU
		{0E39E309-F4EB-41C0-A9AC-35A11ABCD0AE}.Release|ARM64.ActiveCfg = Release|Any CPU
		{0E39E309-F4EB-41C0-A9AC-35A11ABCD0AE}.Release|ARM64.Build.0 = Release|Any CPU
		{0E39E309-F4EB-41C0-A9AC-35A11ABCD0AE}.Release|iPhone.ActiveCfg = Release|Any CPU
		{0E39E309-F4EB-41C0-A9AC-35A11ABCD0AE}.Release|iPhone.Build.0 = Release|Any CPU
		{0E39E309-F4EB-41C0-A9AC-35A11ABCD0AE}.Release|iPhoneSimulator.ActiveCfg = Release|Any CPU
		{0E39E309-F4EB-41C0-A9AC-35A11ABCD0AE}.Release|iPhoneSimulator.Build.0 = Release|Any CPU
		{0E39E309-F4EB-41C0-A9AC-35A11ABCD0AE}.Release|x64.ActiveCfg = Release|Any CPU
		{0E39E309-F4EB-41C0-A9AC-35A11ABCD0AE}.Release|x64.Build.0 = Release|Any CPU
		{0E39E309-F4EB-41C0-A9AC-35A11ABCD0AE}.Release|x86.ActiveCfg = Release|Any CPU
		{0E39E309-F4EB-41C0-A9AC-35A11ABCD0AE}.Release|x86.Build.0 = Release|Any CPU
		{61D6ABBF-C970-4DF9-B63B-5673D88117E5}.Debug|Any CPU.ActiveCfg = Debug|Any CPU
		{61D6ABBF-C970-4DF9-B63B-5673D88117E5}.Debug|Any CPU.Build.0 = Debug|Any CPU
		{61D6ABBF-C970-4DF9-B63B-5673D88117E5}.Debug|ARM.ActiveCfg = Debug|Any CPU
		{61D6ABBF-C970-4DF9-B63B-5673D88117E5}.Debug|ARM.Build.0 = Debug|Any CPU
		{61D6ABBF-C970-4DF9-B63B-5673D88117E5}.Debug|ARM64.ActiveCfg = Debug|Any CPU
		{61D6ABBF-C970-4DF9-B63B-5673D88117E5}.Debug|ARM64.Build.0 = Debug|Any CPU
		{61D6ABBF-C970-4DF9-B63B-5673D88117E5}.Debug|iPhone.ActiveCfg = Debug|Any CPU
		{61D6ABBF-C970-4DF9-B63B-5673D88117E5}.Debug|iPhone.Build.0 = Debug|Any CPU
		{61D6ABBF-C970-4DF9-B63B-5673D88117E5}.Debug|iPhoneSimulator.ActiveCfg = Debug|Any CPU
		{61D6ABBF-C970-4DF9-B63B-5673D88117E5}.Debug|iPhoneSimulator.Build.0 = Debug|Any CPU
		{61D6ABBF-C970-4DF9-B63B-5673D88117E5}.Debug|x64.ActiveCfg = Debug|Any CPU
		{61D6ABBF-C970-4DF9-B63B-5673D88117E5}.Debug|x64.Build.0 = Debug|Any CPU
		{61D6ABBF-C970-4DF9-B63B-5673D88117E5}.Debug|x86.ActiveCfg = Debug|Any CPU
		{61D6ABBF-C970-4DF9-B63B-5673D88117E5}.Debug|x86.Build.0 = Debug|Any CPU
		{61D6ABBF-C970-4DF9-B63B-5673D88117E5}.Release|Any CPU.ActiveCfg = Release|Any CPU
		{61D6ABBF-C970-4DF9-B63B-5673D88117E5}.Release|Any CPU.Build.0 = Release|Any CPU
		{61D6ABBF-C970-4DF9-B63B-5673D88117E5}.Release|ARM.ActiveCfg = Release|Any CPU
		{61D6ABBF-C970-4DF9-B63B-5673D88117E5}.Release|ARM.Build.0 = Release|Any CPU
		{61D6ABBF-C970-4DF9-B63B-5673D88117E5}.Release|ARM64.ActiveCfg = Release|Any CPU
		{61D6ABBF-C970-4DF9-B63B-5673D88117E5}.Release|ARM64.Build.0 = Release|Any CPU
		{61D6ABBF-C970-4DF9-B63B-5673D88117E5}.Release|iPhone.ActiveCfg = Release|Any CPU
		{61D6ABBF-C970-4DF9-B63B-5673D88117E5}.Release|iPhone.Build.0 = Release|Any CPU
		{61D6ABBF-C970-4DF9-B63B-5673D88117E5}.Release|iPhoneSimulator.ActiveCfg = Release|Any CPU
		{61D6ABBF-C970-4DF9-B63B-5673D88117E5}.Release|iPhoneSimulator.Build.0 = Release|Any CPU
		{61D6ABBF-C970-4DF9-B63B-5673D88117E5}.Release|x64.ActiveCfg = Release|Any CPU
		{61D6ABBF-C970-4DF9-B63B-5673D88117E5}.Release|x64.Build.0 = Release|Any CPU
		{61D6ABBF-C970-4DF9-B63B-5673D88117E5}.Release|x86.ActiveCfg = Release|Any CPU
		{61D6ABBF-C970-4DF9-B63B-5673D88117E5}.Release|x86.Build.0 = Release|Any CPU
		{E40A7D93-1C2F-4021-963E-F5B3A8DBFC35}.Debug|Any CPU.ActiveCfg = Debug|Any CPU
		{E40A7D93-1C2F-4021-963E-F5B3A8DBFC35}.Debug|Any CPU.Build.0 = Debug|Any CPU
		{E40A7D93-1C2F-4021-963E-F5B3A8DBFC35}.Debug|Any CPU.Deploy.0 = Debug|Any CPU
		{E40A7D93-1C2F-4021-963E-F5B3A8DBFC35}.Debug|ARM.ActiveCfg = Debug|Any CPU
		{E40A7D93-1C2F-4021-963E-F5B3A8DBFC35}.Debug|ARM.Build.0 = Debug|Any CPU
		{E40A7D93-1C2F-4021-963E-F5B3A8DBFC35}.Debug|ARM.Deploy.0 = Debug|Any CPU
		{E40A7D93-1C2F-4021-963E-F5B3A8DBFC35}.Debug|ARM64.ActiveCfg = Debug|Any CPU
		{E40A7D93-1C2F-4021-963E-F5B3A8DBFC35}.Debug|ARM64.Build.0 = Debug|Any CPU
		{E40A7D93-1C2F-4021-963E-F5B3A8DBFC35}.Debug|ARM64.Deploy.0 = Debug|Any CPU
		{E40A7D93-1C2F-4021-963E-F5B3A8DBFC35}.Debug|iPhone.ActiveCfg = Debug|Any CPU
		{E40A7D93-1C2F-4021-963E-F5B3A8DBFC35}.Debug|iPhone.Build.0 = Debug|Any CPU
		{E40A7D93-1C2F-4021-963E-F5B3A8DBFC35}.Debug|iPhone.Deploy.0 = Debug|Any CPU
		{E40A7D93-1C2F-4021-963E-F5B3A8DBFC35}.Debug|iPhoneSimulator.ActiveCfg = Debug|Any CPU
		{E40A7D93-1C2F-4021-963E-F5B3A8DBFC35}.Debug|iPhoneSimulator.Build.0 = Debug|Any CPU
		{E40A7D93-1C2F-4021-963E-F5B3A8DBFC35}.Debug|iPhoneSimulator.Deploy.0 = Debug|Any CPU
		{E40A7D93-1C2F-4021-963E-F5B3A8DBFC35}.Debug|x64.ActiveCfg = Debug|Any CPU
		{E40A7D93-1C2F-4021-963E-F5B3A8DBFC35}.Debug|x64.Build.0 = Debug|Any CPU
		{E40A7D93-1C2F-4021-963E-F5B3A8DBFC35}.Debug|x64.Deploy.0 = Debug|Any CPU
		{E40A7D93-1C2F-4021-963E-F5B3A8DBFC35}.Debug|x86.ActiveCfg = Debug|Any CPU
		{E40A7D93-1C2F-4021-963E-F5B3A8DBFC35}.Debug|x86.Build.0 = Debug|Any CPU
		{E40A7D93-1C2F-4021-963E-F5B3A8DBFC35}.Debug|x86.Deploy.0 = Debug|Any CPU
		{E40A7D93-1C2F-4021-963E-F5B3A8DBFC35}.Release|Any CPU.ActiveCfg = Release|Any CPU
		{E40A7D93-1C2F-4021-963E-F5B3A8DBFC35}.Release|Any CPU.Build.0 = Release|Any CPU
		{E40A7D93-1C2F-4021-963E-F5B3A8DBFC35}.Release|Any CPU.Deploy.0 = Release|Any CPU
		{E40A7D93-1C2F-4021-963E-F5B3A8DBFC35}.Release|ARM.ActiveCfg = Release|Any CPU
		{E40A7D93-1C2F-4021-963E-F5B3A8DBFC35}.Release|ARM.Build.0 = Release|Any CPU
		{E40A7D93-1C2F-4021-963E-F5B3A8DBFC35}.Release|ARM.Deploy.0 = Release|Any CPU
		{E40A7D93-1C2F-4021-963E-F5B3A8DBFC35}.Release|ARM64.ActiveCfg = Release|Any CPU
		{E40A7D93-1C2F-4021-963E-F5B3A8DBFC35}.Release|ARM64.Build.0 = Release|Any CPU
		{E40A7D93-1C2F-4021-963E-F5B3A8DBFC35}.Release|ARM64.Deploy.0 = Release|Any CPU
		{E40A7D93-1C2F-4021-963E-F5B3A8DBFC35}.Release|iPhone.ActiveCfg = Release|Any CPU
		{E40A7D93-1C2F-4021-963E-F5B3A8DBFC35}.Release|iPhone.Build.0 = Release|Any CPU
		{E40A7D93-1C2F-4021-963E-F5B3A8DBFC35}.Release|iPhone.Deploy.0 = Release|Any CPU
		{E40A7D93-1C2F-4021-963E-F5B3A8DBFC35}.Release|iPhoneSimulator.ActiveCfg = Release|Any CPU
		{E40A7D93-1C2F-4021-963E-F5B3A8DBFC35}.Release|iPhoneSimulator.Build.0 = Release|Any CPU
		{E40A7D93-1C2F-4021-963E-F5B3A8DBFC35}.Release|iPhoneSimulator.Deploy.0 = Release|Any CPU
		{E40A7D93-1C2F-4021-963E-F5B3A8DBFC35}.Release|x64.ActiveCfg = Release|Any CPU
		{E40A7D93-1C2F-4021-963E-F5B3A8DBFC35}.Release|x64.Build.0 = Release|Any CPU
		{E40A7D93-1C2F-4021-963E-F5B3A8DBFC35}.Release|x64.Deploy.0 = Release|Any CPU
		{E40A7D93-1C2F-4021-963E-F5B3A8DBFC35}.Release|x86.ActiveCfg = Release|Any CPU
		{E40A7D93-1C2F-4021-963E-F5B3A8DBFC35}.Release|x86.Build.0 = Release|Any CPU
		{E40A7D93-1C2F-4021-963E-F5B3A8DBFC35}.Release|x86.Deploy.0 = Release|Any CPU
		{32F763A1-3171-42B1-B5D0-215731EED81E}.Debug|Any CPU.ActiveCfg = Debug|iPhone
		{32F763A1-3171-42B1-B5D0-215731EED81E}.Debug|ARM.ActiveCfg = Debug|iPhoneSimulator
		{32F763A1-3171-42B1-B5D0-215731EED81E}.Debug|ARM64.ActiveCfg = Debug|iPhoneSimulator
		{32F763A1-3171-42B1-B5D0-215731EED81E}.Debug|iPhone.ActiveCfg = Debug|iPhone
		{32F763A1-3171-42B1-B5D0-215731EED81E}.Debug|iPhone.Build.0 = Debug|iPhone
		{32F763A1-3171-42B1-B5D0-215731EED81E}.Debug|iPhoneSimulator.ActiveCfg = Debug|iPhoneSimulator
		{32F763A1-3171-42B1-B5D0-215731EED81E}.Debug|iPhoneSimulator.Build.0 = Debug|iPhoneSimulator
		{32F763A1-3171-42B1-B5D0-215731EED81E}.Debug|x64.ActiveCfg = Debug|iPhoneSimulator
		{32F763A1-3171-42B1-B5D0-215731EED81E}.Debug|x86.ActiveCfg = Debug|iPhoneSimulator
		{32F763A1-3171-42B1-B5D0-215731EED81E}.Release|Any CPU.ActiveCfg = Release|iPhone
		{32F763A1-3171-42B1-B5D0-215731EED81E}.Release|ARM.ActiveCfg = Release|iPhoneSimulator
		{32F763A1-3171-42B1-B5D0-215731EED81E}.Release|ARM64.ActiveCfg = Release|iPhoneSimulator
		{32F763A1-3171-42B1-B5D0-215731EED81E}.Release|iPhone.ActiveCfg = Release|iPhone
		{32F763A1-3171-42B1-B5D0-215731EED81E}.Release|iPhone.Build.0 = Release|iPhone
		{32F763A1-3171-42B1-B5D0-215731EED81E}.Release|iPhoneSimulator.ActiveCfg = Release|iPhoneSimulator
		{32F763A1-3171-42B1-B5D0-215731EED81E}.Release|iPhoneSimulator.Build.0 = Release|iPhoneSimulator
		{32F763A1-3171-42B1-B5D0-215731EED81E}.Release|x64.ActiveCfg = Release|iPhoneSimulator
		{32F763A1-3171-42B1-B5D0-215731EED81E}.Release|x86.ActiveCfg = Release|iPhoneSimulator
		{2DCFD711-05EF-4456-BB16-2970E6907F1E}.Debug|Any CPU.ActiveCfg = Debug|Any CPU
		{2DCFD711-05EF-4456-BB16-2970E6907F1E}.Debug|Any CPU.Build.0 = Debug|Any CPU
		{2DCFD711-05EF-4456-BB16-2970E6907F1E}.Debug|ARM.ActiveCfg = Debug|Any CPU
		{2DCFD711-05EF-4456-BB16-2970E6907F1E}.Debug|ARM.Build.0 = Debug|Any CPU
		{2DCFD711-05EF-4456-BB16-2970E6907F1E}.Debug|ARM64.ActiveCfg = Debug|Any CPU
		{2DCFD711-05EF-4456-BB16-2970E6907F1E}.Debug|ARM64.Build.0 = Debug|Any CPU
		{2DCFD711-05EF-4456-BB16-2970E6907F1E}.Debug|iPhone.ActiveCfg = Debug|Any CPU
		{2DCFD711-05EF-4456-BB16-2970E6907F1E}.Debug|iPhone.Build.0 = Debug|Any CPU
		{2DCFD711-05EF-4456-BB16-2970E6907F1E}.Debug|iPhoneSimulator.ActiveCfg = Debug|Any CPU
		{2DCFD711-05EF-4456-BB16-2970E6907F1E}.Debug|iPhoneSimulator.Build.0 = Debug|Any CPU
		{2DCFD711-05EF-4456-BB16-2970E6907F1E}.Debug|x64.ActiveCfg = Debug|Any CPU
		{2DCFD711-05EF-4456-BB16-2970E6907F1E}.Debug|x64.Build.0 = Debug|Any CPU
		{2DCFD711-05EF-4456-BB16-2970E6907F1E}.Debug|x86.ActiveCfg = Debug|Any CPU
		{2DCFD711-05EF-4456-BB16-2970E6907F1E}.Debug|x86.Build.0 = Debug|Any CPU
		{2DCFD711-05EF-4456-BB16-2970E6907F1E}.Release|Any CPU.ActiveCfg = Release|Any CPU
		{2DCFD711-05EF-4456-BB16-2970E6907F1E}.Release|Any CPU.Build.0 = Release|Any CPU
		{2DCFD711-05EF-4456-BB16-2970E6907F1E}.Release|ARM.ActiveCfg = Release|Any CPU
		{2DCFD711-05EF-4456-BB16-2970E6907F1E}.Release|ARM.Build.0 = Release|Any CPU
		{2DCFD711-05EF-4456-BB16-2970E6907F1E}.Release|ARM64.ActiveCfg = Release|Any CPU
		{2DCFD711-05EF-4456-BB16-2970E6907F1E}.Release|ARM64.Build.0 = Release|Any CPU
		{2DCFD711-05EF-4456-BB16-2970E6907F1E}.Release|iPhone.ActiveCfg = Release|Any CPU
		{2DCFD711-05EF-4456-BB16-2970E6907F1E}.Release|iPhone.Build.0 = Release|Any CPU
		{2DCFD711-05EF-4456-BB16-2970E6907F1E}.Release|iPhoneSimulator.ActiveCfg = Release|Any CPU
		{2DCFD711-05EF-4456-BB16-2970E6907F1E}.Release|iPhoneSimulator.Build.0 = Release|Any CPU
		{2DCFD711-05EF-4456-BB16-2970E6907F1E}.Release|x64.ActiveCfg = Release|Any CPU
		{2DCFD711-05EF-4456-BB16-2970E6907F1E}.Release|x64.Build.0 = Release|Any CPU
		{2DCFD711-05EF-4456-BB16-2970E6907F1E}.Release|x86.ActiveCfg = Release|Any CPU
		{2DCFD711-05EF-4456-BB16-2970E6907F1E}.Release|x86.Build.0 = Release|Any CPU
		{73D6532F-DDA1-442D-9217-08747D717954}.Debug|Any CPU.ActiveCfg = Debug|Any CPU
		{73D6532F-DDA1-442D-9217-08747D717954}.Debug|Any CPU.Build.0 = Debug|Any CPU
		{73D6532F-DDA1-442D-9217-08747D717954}.Debug|ARM.ActiveCfg = Debug|Any CPU
		{73D6532F-DDA1-442D-9217-08747D717954}.Debug|ARM.Build.0 = Debug|Any CPU
		{73D6532F-DDA1-442D-9217-08747D717954}.Debug|ARM64.ActiveCfg = Debug|Any CPU
		{73D6532F-DDA1-442D-9217-08747D717954}.Debug|ARM64.Build.0 = Debug|Any CPU
		{73D6532F-DDA1-442D-9217-08747D717954}.Debug|iPhone.ActiveCfg = Debug|Any CPU
		{73D6532F-DDA1-442D-9217-08747D717954}.Debug|iPhone.Build.0 = Debug|Any CPU
		{73D6532F-DDA1-442D-9217-08747D717954}.Debug|iPhoneSimulator.ActiveCfg = Debug|Any CPU
		{73D6532F-DDA1-442D-9217-08747D717954}.Debug|iPhoneSimulator.Build.0 = Debug|Any CPU
		{73D6532F-DDA1-442D-9217-08747D717954}.Debug|x64.ActiveCfg = Debug|Any CPU
		{73D6532F-DDA1-442D-9217-08747D717954}.Debug|x64.Build.0 = Debug|Any CPU
		{73D6532F-DDA1-442D-9217-08747D717954}.Debug|x86.ActiveCfg = Debug|Any CPU
		{73D6532F-DDA1-442D-9217-08747D717954}.Debug|x86.Build.0 = Debug|Any CPU
		{73D6532F-DDA1-442D-9217-08747D717954}.Release|Any CPU.ActiveCfg = Release|Any CPU
		{73D6532F-DDA1-442D-9217-08747D717954}.Release|Any CPU.Build.0 = Release|Any CPU
		{73D6532F-DDA1-442D-9217-08747D717954}.Release|ARM.ActiveCfg = Release|Any CPU
		{73D6532F-DDA1-442D-9217-08747D717954}.Release|ARM.Build.0 = Release|Any CPU
		{73D6532F-DDA1-442D-9217-08747D717954}.Release|ARM64.ActiveCfg = Release|Any CPU
		{73D6532F-DDA1-442D-9217-08747D717954}.Release|ARM64.Build.0 = Release|Any CPU
		{73D6532F-DDA1-442D-9217-08747D717954}.Release|iPhone.ActiveCfg = Release|Any CPU
		{73D6532F-DDA1-442D-9217-08747D717954}.Release|iPhone.Build.0 = Release|Any CPU
		{73D6532F-DDA1-442D-9217-08747D717954}.Release|iPhoneSimulator.ActiveCfg = Release|Any CPU
		{73D6532F-DDA1-442D-9217-08747D717954}.Release|iPhoneSimulator.Build.0 = Release|Any CPU
		{73D6532F-DDA1-442D-9217-08747D717954}.Release|x64.ActiveCfg = Release|Any CPU
		{73D6532F-DDA1-442D-9217-08747D717954}.Release|x64.Build.0 = Release|Any CPU
		{73D6532F-DDA1-442D-9217-08747D717954}.Release|x86.ActiveCfg = Release|Any CPU
		{73D6532F-DDA1-442D-9217-08747D717954}.Release|x86.Build.0 = Release|Any CPU
		{B7F57DAB-92A7-4149-BF9D-2AB8E8301D14}.Debug|Any CPU.ActiveCfg = Debug|Any CPU
		{B7F57DAB-92A7-4149-BF9D-2AB8E8301D14}.Debug|Any CPU.Build.0 = Debug|Any CPU
		{B7F57DAB-92A7-4149-BF9D-2AB8E8301D14}.Debug|ARM.ActiveCfg = Debug|Any CPU
		{B7F57DAB-92A7-4149-BF9D-2AB8E8301D14}.Debug|ARM.Build.0 = Debug|Any CPU
		{B7F57DAB-92A7-4149-BF9D-2AB8E8301D14}.Debug|ARM64.ActiveCfg = Debug|Any CPU
		{B7F57DAB-92A7-4149-BF9D-2AB8E8301D14}.Debug|ARM64.Build.0 = Debug|Any CPU
		{B7F57DAB-92A7-4149-BF9D-2AB8E8301D14}.Debug|iPhone.ActiveCfg = Debug|Any CPU
		{B7F57DAB-92A7-4149-BF9D-2AB8E8301D14}.Debug|iPhone.Build.0 = Debug|Any CPU
		{B7F57DAB-92A7-4149-BF9D-2AB8E8301D14}.Debug|iPhoneSimulator.ActiveCfg = Debug|Any CPU
		{B7F57DAB-92A7-4149-BF9D-2AB8E8301D14}.Debug|iPhoneSimulator.Build.0 = Debug|Any CPU
		{B7F57DAB-92A7-4149-BF9D-2AB8E8301D14}.Debug|x64.ActiveCfg = Debug|Any CPU
		{B7F57DAB-92A7-4149-BF9D-2AB8E8301D14}.Debug|x64.Build.0 = Debug|Any CPU
		{B7F57DAB-92A7-4149-BF9D-2AB8E8301D14}.Debug|x86.ActiveCfg = Debug|Any CPU
		{B7F57DAB-92A7-4149-BF9D-2AB8E8301D14}.Debug|x86.Build.0 = Debug|Any CPU
		{B7F57DAB-92A7-4149-BF9D-2AB8E8301D14}.Release|Any CPU.ActiveCfg = Release|Any CPU
		{B7F57DAB-92A7-4149-BF9D-2AB8E8301D14}.Release|Any CPU.Build.0 = Release|Any CPU
		{B7F57DAB-92A7-4149-BF9D-2AB8E8301D14}.Release|ARM.ActiveCfg = Release|Any CPU
		{B7F57DAB-92A7-4149-BF9D-2AB8E8301D14}.Release|ARM.Build.0 = Release|Any CPU
		{B7F57DAB-92A7-4149-BF9D-2AB8E8301D14}.Release|ARM64.ActiveCfg = Release|Any CPU
		{B7F57DAB-92A7-4149-BF9D-2AB8E8301D14}.Release|ARM64.Build.0 = Release|Any CPU
		{B7F57DAB-92A7-4149-BF9D-2AB8E8301D14}.Release|iPhone.ActiveCfg = Release|Any CPU
		{B7F57DAB-92A7-4149-BF9D-2AB8E8301D14}.Release|iPhone.Build.0 = Release|Any CPU
		{B7F57DAB-92A7-4149-BF9D-2AB8E8301D14}.Release|iPhoneSimulator.ActiveCfg = Release|Any CPU
		{B7F57DAB-92A7-4149-BF9D-2AB8E8301D14}.Release|iPhoneSimulator.Build.0 = Release|Any CPU
		{B7F57DAB-92A7-4149-BF9D-2AB8E8301D14}.Release|x64.ActiveCfg = Release|Any CPU
		{B7F57DAB-92A7-4149-BF9D-2AB8E8301D14}.Release|x64.Build.0 = Release|Any CPU
		{B7F57DAB-92A7-4149-BF9D-2AB8E8301D14}.Release|x86.ActiveCfg = Release|Any CPU
		{B7F57DAB-92A7-4149-BF9D-2AB8E8301D14}.Release|x86.Build.0 = Release|Any CPU
		{ECDF64D8-41CA-4E72-B8C7-049579F3E478}.Debug|Any CPU.ActiveCfg = Debug|Any CPU
		{ECDF64D8-41CA-4E72-B8C7-049579F3E478}.Debug|Any CPU.Build.0 = Debug|Any CPU
		{ECDF64D8-41CA-4E72-B8C7-049579F3E478}.Debug|ARM.ActiveCfg = Debug|Any CPU
		{ECDF64D8-41CA-4E72-B8C7-049579F3E478}.Debug|ARM.Build.0 = Debug|Any CPU
		{ECDF64D8-41CA-4E72-B8C7-049579F3E478}.Debug|ARM64.ActiveCfg = Debug|Any CPU
		{ECDF64D8-41CA-4E72-B8C7-049579F3E478}.Debug|ARM64.Build.0 = Debug|Any CPU
		{ECDF64D8-41CA-4E72-B8C7-049579F3E478}.Debug|iPhone.ActiveCfg = Debug|Any CPU
		{ECDF64D8-41CA-4E72-B8C7-049579F3E478}.Debug|iPhone.Build.0 = Debug|Any CPU
		{ECDF64D8-41CA-4E72-B8C7-049579F3E478}.Debug|iPhoneSimulator.ActiveCfg = Debug|Any CPU
		{ECDF64D8-41CA-4E72-B8C7-049579F3E478}.Debug|iPhoneSimulator.Build.0 = Debug|Any CPU
		{ECDF64D8-41CA-4E72-B8C7-049579F3E478}.Debug|x64.ActiveCfg = Debug|Any CPU
		{ECDF64D8-41CA-4E72-B8C7-049579F3E478}.Debug|x64.Build.0 = Debug|Any CPU
		{ECDF64D8-41CA-4E72-B8C7-049579F3E478}.Debug|x86.ActiveCfg = Debug|Any CPU
		{ECDF64D8-41CA-4E72-B8C7-049579F3E478}.Debug|x86.Build.0 = Debug|Any CPU
		{ECDF64D8-41CA-4E72-B8C7-049579F3E478}.Release|Any CPU.ActiveCfg = Release|Any CPU
		{ECDF64D8-41CA-4E72-B8C7-049579F3E478}.Release|Any CPU.Build.0 = Release|Any CPU
		{ECDF64D8-41CA-4E72-B8C7-049579F3E478}.Release|ARM.ActiveCfg = Release|Any CPU
		{ECDF64D8-41CA-4E72-B8C7-049579F3E478}.Release|ARM.Build.0 = Release|Any CPU
		{ECDF64D8-41CA-4E72-B8C7-049579F3E478}.Release|ARM64.ActiveCfg = Release|Any CPU
		{ECDF64D8-41CA-4E72-B8C7-049579F3E478}.Release|ARM64.Build.0 = Release|Any CPU
		{ECDF64D8-41CA-4E72-B8C7-049579F3E478}.Release|iPhone.ActiveCfg = Release|Any CPU
		{ECDF64D8-41CA-4E72-B8C7-049579F3E478}.Release|iPhone.Build.0 = Release|Any CPU
		{ECDF64D8-41CA-4E72-B8C7-049579F3E478}.Release|iPhoneSimulator.ActiveCfg = Release|Any CPU
		{ECDF64D8-41CA-4E72-B8C7-049579F3E478}.Release|iPhoneSimulator.Build.0 = Release|Any CPU
		{ECDF64D8-41CA-4E72-B8C7-049579F3E478}.Release|x64.ActiveCfg = Release|Any CPU
		{ECDF64D8-41CA-4E72-B8C7-049579F3E478}.Release|x64.Build.0 = Release|Any CPU
		{ECDF64D8-41CA-4E72-B8C7-049579F3E478}.Release|x86.ActiveCfg = Release|Any CPU
		{ECDF64D8-41CA-4E72-B8C7-049579F3E478}.Release|x86.Build.0 = Release|Any CPU
		{45721A4A-8738-4788-A25A-DAEC7F3C2792}.Debug|Any CPU.ActiveCfg = Debug|Any CPU
		{45721A4A-8738-4788-A25A-DAEC7F3C2792}.Debug|Any CPU.Build.0 = Debug|Any CPU
		{45721A4A-8738-4788-A25A-DAEC7F3C2792}.Debug|ARM.ActiveCfg = Debug|Any CPU
		{45721A4A-8738-4788-A25A-DAEC7F3C2792}.Debug|ARM.Build.0 = Debug|Any CPU
		{45721A4A-8738-4788-A25A-DAEC7F3C2792}.Debug|ARM64.ActiveCfg = Debug|Any CPU
		{45721A4A-8738-4788-A25A-DAEC7F3C2792}.Debug|ARM64.Build.0 = Debug|Any CPU
		{45721A4A-8738-4788-A25A-DAEC7F3C2792}.Debug|iPhone.ActiveCfg = Debug|Any CPU
		{45721A4A-8738-4788-A25A-DAEC7F3C2792}.Debug|iPhone.Build.0 = Debug|Any CPU
		{45721A4A-8738-4788-A25A-DAEC7F3C2792}.Debug|iPhoneSimulator.ActiveCfg = Debug|Any CPU
		{45721A4A-8738-4788-A25A-DAEC7F3C2792}.Debug|iPhoneSimulator.Build.0 = Debug|Any CPU
		{45721A4A-8738-4788-A25A-DAEC7F3C2792}.Debug|x64.ActiveCfg = Debug|Any CPU
		{45721A4A-8738-4788-A25A-DAEC7F3C2792}.Debug|x64.Build.0 = Debug|Any CPU
		{45721A4A-8738-4788-A25A-DAEC7F3C2792}.Debug|x86.ActiveCfg = Debug|Any CPU
		{45721A4A-8738-4788-A25A-DAEC7F3C2792}.Debug|x86.Build.0 = Debug|Any CPU
		{45721A4A-8738-4788-A25A-DAEC7F3C2792}.Release|Any CPU.ActiveCfg = Release|Any CPU
		{45721A4A-8738-4788-A25A-DAEC7F3C2792}.Release|Any CPU.Build.0 = Release|Any CPU
		{45721A4A-8738-4788-A25A-DAEC7F3C2792}.Release|ARM.ActiveCfg = Release|Any CPU
		{45721A4A-8738-4788-A25A-DAEC7F3C2792}.Release|ARM.Build.0 = Release|Any CPU
		{45721A4A-8738-4788-A25A-DAEC7F3C2792}.Release|ARM64.ActiveCfg = Release|Any CPU
		{45721A4A-8738-4788-A25A-DAEC7F3C2792}.Release|ARM64.Build.0 = Release|Any CPU
		{45721A4A-8738-4788-A25A-DAEC7F3C2792}.Release|iPhone.ActiveCfg = Release|Any CPU
		{45721A4A-8738-4788-A25A-DAEC7F3C2792}.Release|iPhone.Build.0 = Release|Any CPU
		{45721A4A-8738-4788-A25A-DAEC7F3C2792}.Release|iPhoneSimulator.ActiveCfg = Release|Any CPU
		{45721A4A-8738-4788-A25A-DAEC7F3C2792}.Release|iPhoneSimulator.Build.0 = Release|Any CPU
		{45721A4A-8738-4788-A25A-DAEC7F3C2792}.Release|x64.ActiveCfg = Release|Any CPU
		{45721A4A-8738-4788-A25A-DAEC7F3C2792}.Release|x64.Build.0 = Release|Any CPU
		{45721A4A-8738-4788-A25A-DAEC7F3C2792}.Release|x86.ActiveCfg = Release|Any CPU
		{45721A4A-8738-4788-A25A-DAEC7F3C2792}.Release|x86.Build.0 = Release|Any CPU
		{3CEAEAC6-F3FC-47FF-8293-6B0C776723DA}.Debug|Any CPU.ActiveCfg = Debug|x86
		{3CEAEAC6-F3FC-47FF-8293-6B0C776723DA}.Debug|Any CPU.Build.0 = Debug|x86
		{3CEAEAC6-F3FC-47FF-8293-6B0C776723DA}.Debug|Any CPU.Deploy.0 = Debug|x86
		{3CEAEAC6-F3FC-47FF-8293-6B0C776723DA}.Debug|ARM.ActiveCfg = Debug|ARM
		{3CEAEAC6-F3FC-47FF-8293-6B0C776723DA}.Debug|ARM.Build.0 = Debug|ARM
		{3CEAEAC6-F3FC-47FF-8293-6B0C776723DA}.Debug|ARM.Deploy.0 = Debug|ARM
		{3CEAEAC6-F3FC-47FF-8293-6B0C776723DA}.Debug|ARM64.ActiveCfg = Debug|ARM64
		{3CEAEAC6-F3FC-47FF-8293-6B0C776723DA}.Debug|ARM64.Build.0 = Debug|ARM64
		{3CEAEAC6-F3FC-47FF-8293-6B0C776723DA}.Debug|ARM64.Deploy.0 = Debug|ARM64
		{3CEAEAC6-F3FC-47FF-8293-6B0C776723DA}.Debug|iPhone.ActiveCfg = Debug|x86
		{3CEAEAC6-F3FC-47FF-8293-6B0C776723DA}.Debug|iPhoneSimulator.ActiveCfg = Debug|x86
		{3CEAEAC6-F3FC-47FF-8293-6B0C776723DA}.Debug|x64.ActiveCfg = Debug|x64
		{3CEAEAC6-F3FC-47FF-8293-6B0C776723DA}.Debug|x64.Build.0 = Debug|x64
		{3CEAEAC6-F3FC-47FF-8293-6B0C776723DA}.Debug|x64.Deploy.0 = Debug|x64
		{3CEAEAC6-F3FC-47FF-8293-6B0C776723DA}.Debug|x86.ActiveCfg = Debug|x86
		{3CEAEAC6-F3FC-47FF-8293-6B0C776723DA}.Debug|x86.Build.0 = Debug|x86
		{3CEAEAC6-F3FC-47FF-8293-6B0C776723DA}.Debug|x86.Deploy.0 = Debug|x86
		{3CEAEAC6-F3FC-47FF-8293-6B0C776723DA}.Release|Any CPU.ActiveCfg = Release|x86
		{3CEAEAC6-F3FC-47FF-8293-6B0C776723DA}.Release|ARM.ActiveCfg = Release|ARM
		{3CEAEAC6-F3FC-47FF-8293-6B0C776723DA}.Release|ARM.Build.0 = Release|ARM
		{3CEAEAC6-F3FC-47FF-8293-6B0C776723DA}.Release|ARM.Deploy.0 = Release|ARM
		{3CEAEAC6-F3FC-47FF-8293-6B0C776723DA}.Release|ARM64.ActiveCfg = Release|ARM64
		{3CEAEAC6-F3FC-47FF-8293-6B0C776723DA}.Release|ARM64.Build.0 = Release|ARM64
		{3CEAEAC6-F3FC-47FF-8293-6B0C776723DA}.Release|ARM64.Deploy.0 = Release|ARM64
		{3CEAEAC6-F3FC-47FF-8293-6B0C776723DA}.Release|iPhone.ActiveCfg = Release|x86
		{3CEAEAC6-F3FC-47FF-8293-6B0C776723DA}.Release|iPhoneSimulator.ActiveCfg = Release|x86
		{3CEAEAC6-F3FC-47FF-8293-6B0C776723DA}.Release|x64.ActiveCfg = Release|x64
		{3CEAEAC6-F3FC-47FF-8293-6B0C776723DA}.Release|x64.Build.0 = Release|x64
		{3CEAEAC6-F3FC-47FF-8293-6B0C776723DA}.Release|x64.Deploy.0 = Release|x64
		{3CEAEAC6-F3FC-47FF-8293-6B0C776723DA}.Release|x86.ActiveCfg = Release|x86
		{3CEAEAC6-F3FC-47FF-8293-6B0C776723DA}.Release|x86.Build.0 = Release|x86
		{3CEAEAC6-F3FC-47FF-8293-6B0C776723DA}.Release|x86.Deploy.0 = Release|x86
	EndGlobalSection
	GlobalSection(SolutionProperties) = preSolution
		HideSolutionNode = FALSE
	EndGlobalSection
	GlobalSection(ExtensibilityGlobals) = postSolution
		SolutionGuid = {E13244A8-640C-4983-A974-BD105C0099EA}
	EndGlobalSection
EndGlobal
