
Microsoft Visual Studio Solution File, Format Version 12.00
# Visual Studio 15
VisualStudioVersion = 15.0.28307.705
MinimumVisualStudioVersion = 10.0.40219.1
Project("{9A19103F-16F7-4668-BE54-9A1E7A4F7556}") = "PasswordManagerApp", "PasswordManagerApp\PasswordManagerApp.csproj", "{0E39E309-F4EB-41C0-A9AC-35A11ABCD0AE}"
EndProject
Project("{9A19103F-16F7-4668-BE54-9A1E7A4F7556}") = "PasswordManagerAppTests", "PasswordManagerAppTests\PasswordManagerAppTests.csproj", "{61D6ABBF-C970-4DF9-B63B-5673D88117E5}"
EndProject
Global
	GlobalSection(SolutionConfigurationPlatforms) = preSolution
		Debug|Any CPU = Debug|Any CPU
		Release|Any CPU = Release|Any CPU
	EndGlobalSection
	GlobalSection(ProjectConfigurationPlatforms) = postSolution
		{0E39E309-F4EB-41C0-A9AC-35A11ABCD0AE}.Debug|Any CPU.ActiveCfg = Debug|Any CPU
		{0E39E309-F4EB-41C0-A9AC-35A11ABCD0AE}.Debug|Any CPU.Build.0 = Debug|Any CPU
		{0E39E309-F4EB-41C0-A9AC-35A11ABCD0AE}.Release|Any CPU.ActiveCfg = Release|Any CPU
		{0E39E309-F4EB-41C0-A9AC-35A11ABCD0AE}.Release|Any CPU.Build.0 = Release|Any CPU
		{61D6ABBF-C970-4DF9-B63B-5673D88117E5}.Debug|Any CPU.ActiveCfg = Debug|Any CPU
		{61D6ABBF-C970-4DF9-B63B-5673D88117E5}.Debug|Any CPU.Build.0 = Debug|Any CPU
		{61D6ABBF-C970-4DF9-B63B-5673D88117E5}.Release|Any CPU.ActiveCfg = Release|Any CPU
		{61D6ABBF-C970-4DF9-B63B-5673D88117E5}.Release|Any CPU.Build.0 = Release|Any CPU
	EndGlobalSection
	GlobalSection(SolutionProperties) = preSolution
		HideSolutionNode = FALSE
	EndGlobalSection
	GlobalSection(ExtensibilityGlobals) = postSolution
		SolutionGuid = {E13244A8-640C-4983-A974-BD105C0099EA}
	EndGlobalSection
EndGlobal
