
Microsoft Visual Studio Solution File, Format Version 12.00
# Visual Studio 15
VisualStudioVersion = 15.0.28307.705
MinimumVisualStudioVersion = 10.0.40219.1
Project("{FAE04EC0-301F-11D3-BF4B-00C04F79EFBC}") = "PasswordManagerApp", "PasswordManagerApp\PasswordManagerApp.csproj", "{0E39E309-F4EB-41C0-A9AC-35A11ABCD0AE}"
EndProject
Project("{FAE04EC0-301F-11D3-BF4B-00C04F79EFBC}") = "PasswordManagerInterfaces", "PasswordManagerInterfaces\PasswordManagerInterfaces.csproj", "{39F7778E-B4DB-419F-89A6-839FCD332A96}"
EndProject
Global
	GlobalSection(SolutionConfigurationPlatforms) = preSolution
		Debug|Any CPU = Debug|Any CPU
		Release|Any CPU = Release|Any CPU
	EndGlobalSection
	GlobalSection(ProjectConfigurationPlatforms) = postSolution
		{0E39E309-F4EB-41C0-A9AC-35A11ABCD0AE}.Debug|Any CPU.ActiveCfg = Debug|Any CPU
		{0E39E309-F4EB-41C0-A9AC-35A11ABCD0AE}.Debug|Any CPU.Build.0 = Debug|Any CPU
		{0E39E309-F4EB-41C0-A9AC-35A11ABCD0AE}.Release|Any CPU.ActiveCfg = Release|Any CPU
		{0E39E309-F4EB-41C0-A9AC-35A11ABCD0AE}.Release|Any CPU.Build.0 = Release|Any CPU
		{39F7778E-B4DB-419F-89A6-839FCD332A96}.Debug|Any CPU.ActiveCfg = Debug|Any CPU
		{39F7778E-B4DB-419F-89A6-839FCD332A96}.Debug|Any CPU.Build.0 = Debug|Any CPU
		{39F7778E-B4DB-419F-89A6-839FCD332A96}.Release|Any CPU.ActiveCfg = Release|Any CPU
		{39F7778E-B4DB-419F-89A6-839FCD332A96}.Release|Any CPU.Build.0 = Release|Any CPU
	EndGlobalSection
	GlobalSection(SolutionProperties) = preSolution
		HideSolutionNode = FALSE
	EndGlobalSection
	GlobalSection(ExtensibilityGlobals) = postSolution
		SolutionGuid = {E13244A8-640C-4983-A974-BD105C0099EA}
	EndGlobalSection
EndGlobal
